// !$*UTF8*$!
{
	archiveVersion = 1;
	classes = {
	};
	objectVersion = 55;
	objects = {

/* Begin PBXBuildFile section */
		AD6A0B7029C7B531004BC7DB /* Tests_iOS.swift in Sources */ = {isa = PBXBuildFile; fileRef = AD6A0B6F29C7B531004BC7DB /* Tests_iOS.swift */; };
		AD6A0B7229C7B531004BC7DB /* Tests_iOSLaunchTests.swift in Sources */ = {isa = PBXBuildFile; fileRef = AD6A0B7129C7B531004BC7DB /* Tests_iOSLaunchTests.swift */; };
		AD6A0B7C29C7B531004BC7DB /* Tests_macOS.swift in Sources */ = {isa = PBXBuildFile; fileRef = AD6A0B7B29C7B531004BC7DB /* Tests_macOS.swift */; };
		AD6A0B7E29C7B531004BC7DB /* Tests_macOSLaunchTests.swift in Sources */ = {isa = PBXBuildFile; fileRef = AD6A0B7D29C7B531004BC7DB /* Tests_macOSLaunchTests.swift */; };
		AD6A0B7F29C7B531004BC7DB /* fde.xcdatamodeld in Sources */ = {isa = PBXBuildFile; fileRef = AD6A0B5429C7B52E004BC7DB /* fde.xcdatamodeld */; };
		AD6A0B8029C7B531004BC7DB /* fde.xcdatamodeld in Sources */ = {isa = PBXBuildFile; fileRef = AD6A0B5429C7B52E004BC7DB /* fde.xcdatamodeld */; };
		AD6A0B8129C7B531004BC7DB /* fdeApp.swift in Sources */ = {isa = PBXBuildFile; fileRef = AD6A0B5629C7B52E004BC7DB /* fdeApp.swift */; };
		AD6A0B8229C7B531004BC7DB /* fdeApp.swift in Sources */ = {isa = PBXBuildFile; fileRef = AD6A0B5629C7B52E004BC7DB /* fdeApp.swift */; };
		AD6A0B8329C7B531004BC7DB /* ContentView.swift in Sources */ = {isa = PBXBuildFile; fileRef = AD6A0B5729C7B52E004BC7DB /* ContentView.swift */; };
		AD6A0B8429C7B531004BC7DB /* ContentView.swift in Sources */ = {isa = PBXBuildFile; fileRef = AD6A0B5729C7B52E004BC7DB /* ContentView.swift */; };
		AD6A0B8529C7B531004BC7DB /* Persistence.swift in Sources */ = {isa = PBXBuildFile; fileRef = AD6A0B5829C7B52E004BC7DB /* Persistence.swift */; };
		AD6A0B8629C7B531004BC7DB /* Persistence.swift in Sources */ = {isa = PBXBuildFile; fileRef = AD6A0B5829C7B52E004BC7DB /* Persistence.swift */; };
		AD6A0B8729C7B531004BC7DB /* Assets.xcassets in Resources */ = {isa = PBXBuildFile; fileRef = AD6A0B5929C7B531004BC7DB /* Assets.xcassets */; };
		AD6A0B8829C7B531004BC7DB /* Assets.xcassets in Resources */ = {isa = PBXBuildFile; fileRef = AD6A0B5929C7B531004BC7DB /* Assets.xcassets */; };
/* End PBXBuildFile section */

/* Begin PBXContainerItemProxy section */
		AD6A0B6C29C7B531004BC7DB /* PBXContainerItemProxy */ = {
			isa = PBXContainerItemProxy;
			containerPortal = AD6A0B4F29C7B52E004BC7DB /* Project object */;
			proxyType = 1;
			remoteGlobalIDString = AD6A0B5D29C7B531004BC7DB;
			remoteInfo = "fde (iOS)";
		};
		AD6A0B7829C7B531004BC7DB /* PBXContainerItemProxy */ = {
			isa = PBXContainerItemProxy;
			containerPortal = AD6A0B4F29C7B52E004BC7DB /* Project object */;
			proxyType = 1;
			remoteGlobalIDString = AD6A0B6329C7B531004BC7DB;
			remoteInfo = "fde (macOS)";
		};
/* End PBXContainerItemProxy section */

/* Begin PBXFileReference section */
		AD6A0B5529C7B52E004BC7DB /* Shared.xcdatamodel */ = {isa = PBXFileReference; lastKnownFileType = wrapper.xcdatamodel; path = Shared.xcdatamodel; sourceTree = "<group>"; };
		AD6A0B5629C7B52E004BC7DB /* fdeApp.swift */ = {isa = PBXFileReference; lastKnownFileType = sourcecode.swift; path = fdeApp.swift; sourceTree = "<group>"; };
		AD6A0B5729C7B52E004BC7DB /* ContentView.swift */ = {isa = PBXFileReference; lastKnownFileType = sourcecode.swift; path = ContentView.swift; sourceTree = "<group>"; };
		AD6A0B5829C7B52E004BC7DB /* Persistence.swift */ = {isa = PBXFileReference; lastKnownFileType = sourcecode.swift; path = Persistence.swift; sourceTree = "<group>"; };
		AD6A0B5929C7B531004BC7DB /* Assets.xcassets */ = {isa = PBXFileReference; lastKnownFileType = folder.assetcatalog; path = Assets.xcassets; sourceTree = "<group>"; };
		AD6A0B5E29C7B531004BC7DB /* fde.app */ = {isa = PBXFileReference; explicitFileType = wrapper.application; includeInIndex = 0; path = fde.app; sourceTree = BUILT_PRODUCTS_DIR; };
		AD6A0B6429C7B531004BC7DB /* fde.app */ = {isa = PBXFileReference; explicitFileType = wrapper.application; includeInIndex = 0; path = fde.app; sourceTree = BUILT_PRODUCTS_DIR; };
		AD6A0B6629C7B531004BC7DB /* macOS.entitlements */ = {isa = PBXFileReference; lastKnownFileType = text.plist.entitlements; path = macOS.entitlements; sourceTree = "<group>"; };
		AD6A0B6B29C7B531004BC7DB /* Tests iOS.xctest */ = {isa = PBXFileReference; explicitFileType = wrapper.cfbundle; includeInIndex = 0; path = "Tests iOS.xctest"; sourceTree = BUILT_PRODUCTS_DIR; };
		AD6A0B6F29C7B531004BC7DB /* Tests_iOS.swift */ = {isa = PBXFileReference; lastKnownFileType = sourcecode.swift; path = Tests_iOS.swift; sourceTree = "<group>"; };
		AD6A0B7129C7B531004BC7DB /* Tests_iOSLaunchTests.swift */ = {isa = PBXFileReference; lastKnownFileType = sourcecode.swift; path = Tests_iOSLaunchTests.swift; sourceTree = "<group>"; };
		AD6A0B7729C7B531004BC7DB /* Tests macOS.xctest */ = {isa = PBXFileReference; explicitFileType = wrapper.cfbundle; includeInIndex = 0; path = "Tests macOS.xctest"; sourceTree = BUILT_PRODUCTS_DIR; };
		AD6A0B7B29C7B531004BC7DB /* Tests_macOS.swift */ = {isa = PBXFileReference; lastKnownFileType = sourcecode.swift; path = Tests_macOS.swift; sourceTree = "<group>"; };
		AD6A0B7D29C7B531004BC7DB /* Tests_macOSLaunchTests.swift */ = {isa = PBXFileReference; lastKnownFileType = sourcecode.swift; path = Tests_macOSLaunchTests.swift; sourceTree = "<group>"; };
/* End PBXFileReference section */

/* Begin PBXFrameworksBuildPhase section */
		AD6A0B5B29C7B531004BC7DB /* Frameworks */ = {
			isa = PBXFrameworksBuildPhase;
			buildActionMask = 2147483647;
			files = (
			);
			runOnlyForDeploymentPostprocessing = 0;
		};
		AD6A0B6129C7B531004BC7DB /* Frameworks */ = {
			isa = PBXFrameworksBuildPhase;
			buildActionMask = 2147483647;
			files = (
			);
			runOnlyForDeploymentPostprocessing = 0;
		};
		AD6A0B6829C7B531004BC7DB /* Frameworks */ = {
			isa = PBXFrameworksBuildPhase;
			buildActionMask = 2147483647;
			files = (
			);
			runOnlyForDeploymentPostprocessing = 0;
		};
		AD6A0B7429C7B531004BC7DB /* Frameworks */ = {
			isa = PBXFrameworksBuildPhase;
			buildActionMask = 2147483647;
			files = (
			);
			runOnlyForDeploymentPostprocessing = 0;
		};
/* End PBXFrameworksBuildPhase section */

/* Begin PBXGroup section */
		AD6A0B4E29C7B52E004BC7DB = {
			isa = PBXGroup;
			children = (
				AD6A0B5329C7B52E004BC7DB /* Shared */,
				AD6A0B6529C7B531004BC7DB /* macOS */,
				AD6A0B6E29C7B531004BC7DB /* Tests iOS */,
				AD6A0B7A29C7B531004BC7DB /* Tests macOS */,
				AD6A0B5F29C7B531004BC7DB /* Products */,
			);
			sourceTree = "<group>";
		};
		AD6A0B5329C7B52E004BC7DB /* Shared */ = {
			isa = PBXGroup;
			children = (
				AD6A0B5629C7B52E004BC7DB /* fdeApp.swift */,
				AD6A0B5729C7B52E004BC7DB /* ContentView.swift */,
				AD6A0B5829C7B52E004BC7DB /* Persistence.swift */,
				AD6A0B5929C7B531004BC7DB /* Assets.xcassets */,
				AD6A0B5429C7B52E004BC7DB /* fde.xcdatamodeld */,
			);
			path = Shared;
			sourceTree = "<group>";
		};
		AD6A0B5F29C7B531004BC7DB /* Products */ = {
			isa = PBXGroup;
			children = (
				AD6A0B5E29C7B531004BC7DB /* fde.app */,
				AD6A0B6429C7B531004BC7DB /* fde.app */,
				AD6A0B6B29C7B531004BC7DB /* Tests iOS.xctest */,
				AD6A0B7729C7B531004BC7DB /* Tests macOS.xctest */,
			);
			name = Products;
			sourceTree = "<group>";
		};
		AD6A0B6529C7B531004BC7DB /* macOS */ = {
			isa = PBXGroup;
			children = (
				AD6A0B6629C7B531004BC7DB /* macOS.entitlements */,
			);
			path = macOS;
			sourceTree = "<group>";
		};
		AD6A0B6E29C7B531004BC7DB /* Tests iOS */ = {
			isa = PBXGroup;
			children = (
				AD6A0B6F29C7B531004BC7DB /* Tests_iOS.swift */,
				AD6A0B7129C7B531004BC7DB /* Tests_iOSLaunchTests.swift */,
			);
			path = "Tests iOS";
			sourceTree = "<group>";
		};
		AD6A0B7A29C7B531004BC7DB /* Tests macOS */ = {
			isa = PBXGroup;
			children = (
				AD6A0B7B29C7B531004BC7DB /* Tests_macOS.swift */,
				AD6A0B7D29C7B531004BC7DB /* Tests_macOSLaunchTests.swift */,
			);
			path = "Tests macOS";
			sourceTree = "<group>";
		};
/* End PBXGroup section */

/* Begin PBXNativeTarget section */
		AD6A0B5D29C7B531004BC7DB /* fde (iOS) */ = {
			isa = PBXNativeTarget;
			buildConfigurationList = AD6A0B8B29C7B531004BC7DB /* Build configuration list for PBXNativeTarget "fde (iOS)" */;
			buildPhases = (
				AD6A0B5A29C7B531004BC7DB /* Sources */,
				AD6A0B5B29C7B531004BC7DB /* Frameworks */,
				AD6A0B5C29C7B531004BC7DB /* Resources */,
			);
			buildRules = (
			);
			dependencies = (
			);
			name = "fde (iOS)";
			productName = "fde (iOS)";
			productReference = AD6A0B5E29C7B531004BC7DB /* fde.app */;
			productType = "com.apple.product-type.application";
		};
		AD6A0B6329C7B531004BC7DB /* fde (macOS) */ = {
			isa = PBXNativeTarget;
			buildConfigurationList = AD6A0B8E29C7B531004BC7DB /* Build configuration list for PBXNativeTarget "fde (macOS)" */;
			buildPhases = (
				AD6A0B6029C7B531004BC7DB /* Sources */,
				AD6A0B6129C7B531004BC7DB /* Frameworks */,
				AD6A0B6229C7B531004BC7DB /* Resources */,
			);
			buildRules = (
			);
			dependencies = (
			);
			name = "fde (macOS)";
			productName = "fde (macOS)";
			productReference = AD6A0B6429C7B531004BC7DB /* fde.app */;
			productType = "com.apple.product-type.application";
		};
		AD6A0B6A29C7B531004BC7DB /* Tests iOS */ = {
			isa = PBXNativeTarget;
			buildConfigurationList = AD6A0B9129C7B531004BC7DB /* Build configuration list for PBXNativeTarget "Tests iOS" */;
			buildPhases = (
				AD6A0B6729C7B531004BC7DB /* Sources */,
				AD6A0B6829C7B531004BC7DB /* Frameworks */,
				AD6A0B6929C7B531004BC7DB /* Resources */,
			);
			buildRules = (
			);
			dependencies = (
				AD6A0B6D29C7B531004BC7DB /* PBXTargetDependency */,
			);
			name = "Tests iOS";
			productName = "Tests iOS";
			productReference = AD6A0B6B29C7B531004BC7DB /* Tests iOS.xctest */;
			productType = "com.apple.product-type.bundle.ui-testing";
		};
		AD6A0B7629C7B531004BC7DB /* Tests macOS */ = {
			isa = PBXNativeTarget;
			buildConfigurationList = AD6A0B9429C7B531004BC7DB /* Build configuration list for PBXNativeTarget "Tests macOS" */;
			buildPhases = (
				AD6A0B7329C7B531004BC7DB /* Sources */,
				AD6A0B7429C7B531004BC7DB /* Frameworks */,
				AD6A0B7529C7B531004BC7DB /* Resources */,
			);
			buildRules = (
			);
			dependencies = (
				AD6A0B7929C7B531004BC7DB /* PBXTargetDependency */,
			);
			name = "Tests macOS";
			productName = "Tests macOS";
			productReference = AD6A0B7729C7B531004BC7DB /* Tests macOS.xctest */;
			productType = "com.apple.product-type.bundle.ui-testing";
		};
/* End PBXNativeTarget section */

/* Begin PBXProject section */
		AD6A0B4F29C7B52E004BC7DB /* Project object */ = {
			isa = PBXProject;
			attributes = {
				BuildIndependentTargetsInParallel = 1;
				LastSwiftUpdateCheck = 1340;
				LastUpgradeCheck = 1340;
				TargetAttributes = {
					AD6A0B5D29C7B531004BC7DB = {
						CreatedOnToolsVersion = 13.4.1;
					};
					AD6A0B6329C7B531004BC7DB = {
						CreatedOnToolsVersion = 13.4.1;
					};
					AD6A0B6A29C7B531004BC7DB = {
						CreatedOnToolsVersion = 13.4.1;
						TestTargetID = AD6A0B5D29C7B531004BC7DB;
					};
					AD6A0B7629C7B531004BC7DB = {
						CreatedOnToolsVersion = 13.4.1;
						TestTargetID = AD6A0B6329C7B531004BC7DB;
					};
				};
			};
			buildConfigurationList = AD6A0B5229C7B52E004BC7DB /* Build configuration list for PBXProject "fde" */;
			compatibilityVersion = "Xcode 13.0";
			developmentRegion = en;
			hasScannedForEncodings = 0;
			knownRegions = (
				en,
				Base,
			);
			mainGroup = AD6A0B4E29C7B52E004BC7DB;
			productRefGroup = AD6A0B5F29C7B531004BC7DB /* Products */;
			projectDirPath = "";
			projectRoot = "";
			targets = (
				AD6A0B5D29C7B531004BC7DB /* fde (iOS) */,
				AD6A0B6329C7B531004BC7DB /* fde (macOS) */,
				AD6A0B6A29C7B531004BC7DB /* Tests iOS */,
				AD6A0B7629C7B531004BC7DB /* Tests macOS */,
			);
		};
/* End PBXProject section */

/* Begin PBXResourcesBuildPhase section */
		AD6A0B5C29C7B531004BC7DB /* Resources */ = {
			isa = PBXResourcesBuildPhase;
			buildActionMask = 2147483647;
			files = (
				AD6A0B8729C7B531004BC7DB /* Assets.xcassets in Resources */,
			);
			runOnlyForDeploymentPostprocessing = 0;
		};
		AD6A0B6229C7B531004BC7DB /* Resources */ = {
			isa = PBXResourcesBuildPhase;
			buildActionMask = 2147483647;
			files = (
				AD6A0B8829C7B531004BC7DB /* Assets.xcassets in Resources */,
			);
			runOnlyForDeploymentPostprocessing = 0;
		};
		AD6A0B6929C7B531004BC7DB /* Resources */ = {
			isa = PBXResourcesBuildPhase;
			buildActionMask = 2147483647;
			files = (
			);
			runOnlyForDeploymentPostprocessing = 0;
		};
		AD6A0B7529C7B531004BC7DB /* Resources */ = {
			isa = PBXResourcesBuildPhase;
			buildActionMask = 2147483647;
			files = (
			);
			runOnlyForDeploymentPostprocessing = 0;
		};
/* End PBXResourcesBuildPhase section */

/* Begin PBXSourcesBuildPhase section */
		AD6A0B5A29C7B531004BC7DB /* Sources */ = {
			isa = PBXSourcesBuildPhase;
			buildActionMask = 2147483647;
			files = (
				AD6A0B7F29C7B531004BC7DB /* fde.xcdatamodeld in Sources */,
				AD6A0B8529C7B531004BC7DB /* Persistence.swift in Sources */,
				AD6A0B8129C7B531004BC7DB /* fdeApp.swift in Sources */,
				AD6A0B8329C7B531004BC7DB /* ContentView.swift in Sources */,
			);
			runOnlyForDeploymentPostprocessing = 0;
		};
		AD6A0B6029C7B531004BC7DB /* Sources */ = {
			isa = PBXSourcesBuildPhase;
			buildActionMask = 2147483647;
			files = (
				AD6A0B8029C7B531004BC7DB /* fde.xcdatamodeld in Sources */,
				AD6A0B8629C7B531004BC7DB /* Persistence.swift in Sources */,
				AD6A0B8229C7B531004BC7DB /* fdeApp.swift in Sources */,
				AD6A0B8429C7B531004BC7DB /* ContentView.swift in Sources */,
			);
			runOnlyForDeploymentPostprocessing = 0;
		};
		AD6A0B6729C7B531004BC7DB /* Sources */ = {
			isa = PBXSourcesBuildPhase;
			buildActionMask = 2147483647;
			files = (
				AD6A0B7229C7B531004BC7DB /* Tests_iOSLaunchTests.swift in Sources */,
				AD6A0B7029C7B531004BC7DB /* Tests_iOS.swift in Sources */,
			);
			runOnlyForDeploymentPostprocessing = 0;
		};
		AD6A0B7329C7B531004BC7DB /* Sources */ = {
			isa = PBXSourcesBuildPhase;
			buildActionMask = 2147483647;
			files = (
				AD6A0B7E29C7B531004BC7DB /* Tests_macOSLaunchTests.swift in Sources */,
				AD6A0B7C29C7B531004BC7DB /* Tests_macOS.swift in Sources */,
			);
			runOnlyForDeploymentPostprocessing = 0;
		};
/* End PBXSourcesBuildPhase section */

/* Begin PBXTargetDependency section */
		AD6A0B6D29C7B531004BC7DB /* PBXTargetDependency */ = {
			isa = PBXTargetDependency;
			target = AD6A0B5D29C7B531004BC7DB /* fde (iOS) */;
			targetProxy = AD6A0B6C29C7B531004BC7DB /* PBXContainerItemProxy */;
		};
		AD6A0B7929C7B531004BC7DB /* PBXTargetDependency */ = {
			isa = PBXTargetDependency;
			target = AD6A0B6329C7B531004BC7DB /* fde (macOS) */;
			targetProxy = AD6A0B7829C7B531004BC7DB /* PBXContainerItemProxy */;
		};
/* End PBXTargetDependency section */

/* Begin XCBuildConfiguration section */
		AD6A0B8929C7B531004BC7DB /* Debug */ = {
			isa = XCBuildConfiguration;
			buildSettings = {
				ALWAYS_SEARCH_USER_PATHS = NO;
				CLANG_ANALYZER_NONNULL = YES;
				CLANG_ANALYZER_NUMBER_OBJECT_CONVERSION = YES_AGGRESSIVE;
				CLANG_CXX_LANGUAGE_STANDARD = "gnu++17";
				CLANG_ENABLE_MODULES = YES;
				CLANG_ENABLE_OBJC_ARC = YES;
				CLANG_ENABLE_OBJC_WEAK = YES;
				CLANG_WARN_BLOCK_CAPTURE_AUTORELEASING = YES;
				CLANG_WARN_BOOL_CONVERSION = YES;
				CLANG_WARN_COMMA = YES;
				CLANG_WARN_CONSTANT_CONVERSION = YES;
				CLANG_WARN_DEPRECATED_OBJC_IMPLEMENTATIONS = YES;
				CLANG_WARN_DIRECT_OBJC_ISA_USAGE = YES_ERROR;
				CLANG_WARN_DOCUMENTATION_COMMENTS = YES;
				CLANG_WARN_EMPTY_BODY = YES;
				CLANG_WARN_ENUM_CONVERSION = YES;
				CLANG_WARN_INFINITE_RECURSION = YES;
				CLANG_WARN_INT_CONVERSION = YES;
				CLANG_WARN_NON_LITERAL_NULL_CONVERSION = YES;
				CLANG_WARN_OBJC_IMPLICIT_RETAIN_SELF = YES;
				CLANG_WARN_OBJC_LITERAL_CONVERSION = YES;
				CLANG_WARN_OBJC_ROOT_CLASS = YES_ERROR;
				CLANG_WARN_QUOTED_INCLUDE_IN_FRAMEWORK_HEADER = YES;
				CLANG_WARN_RANGE_LOOP_ANALYSIS = YES;
				CLANG_WARN_STRICT_PROTOTYPES = YES;
				CLANG_WARN_SUSPICIOUS_MOVE = YES;
				CLANG_WARN_UNGUARDED_AVAILABILITY = YES_AGGRESSIVE;
				CLANG_WARN_UNREACHABLE_CODE = YES;
				CLANG_WARN__DUPLICATE_METHOD_MATCH = YES;
				COPY_PHASE_STRIP = NO;
				DEBUG_INFORMATION_FORMAT = dwarf;
				ENABLE_STRICT_OBJC_MSGSEND = YES;
				ENABLE_TESTABILITY = YES;
				GCC_C_LANGUAGE_STANDARD = gnu11;
				GCC_DYNAMIC_NO_PIC = NO;
				GCC_NO_COMMON_BLOCKS = YES;
				GCC_OPTIMIZATION_LEVEL = 0;
				GCC_PREPROCESSOR_DEFINITIONS = (
					"DEBUG=1",
					"$(inherited)",
				);
				GCC_WARN_64_TO_32_BIT_CONVERSION = YES;
				GCC_WARN_ABOUT_RETURN_TYPE = YES_ERROR;
				GCC_WARN_UNDECLARED_SELECTOR = YES;
				GCC_WARN_UNINITIALIZED_AUTOS = YES_AGGRESSIVE;
				GCC_WARN_UNUSED_FUNCTION = YES;
				GCC_WARN_UNUSED_VARIABLE = YES;
				MTL_ENABLE_DEBUG_INFO = INCLUDE_SOURCE;
				MTL_FAST_MATH = YES;
				ONLY_ACTIVE_ARCH = YES;
				SWIFT_ACTIVE_COMPILATION_CONDITIONS = DEBUG;
				SWIFT_OPTIMIZATION_LEVEL = "-Onone";
			};
			name = Debug;
		};
		AD6A0B8A29C7B531004BC7DB /* Release */ = {
			isa = XCBuildConfiguration;
			buildSettings = {
				ALWAYS_SEARCH_USER_PATHS = NO;
				CLANG_ANALYZER_NONNULL = YES;
				CLANG_ANALYZER_NUMBER_OBJECT_CONVERSION = YES_AGGRESSIVE;
				CLANG_CXX_LANGUAGE_STANDARD = "gnu++17";
				CLANG_ENABLE_MODULES = YES;
				CLANG_ENABLE_OBJC_ARC = YES;
				CLANG_ENABLE_OBJC_WEAK = YES;
				CLANG_WARN_BLOCK_CAPTURE_AUTORELEASING = YES;
				CLANG_WARN_BOOL_CONVERSION = YES;
				CLANG_WARN_COMMA = YES;
				CLANG_WARN_CONSTANT_CONVERSION = YES;
				CLANG_WARN_DEPRECATED_OBJC_IMPLEMENTATIONS = YES;
				CLANG_WARN_DIRECT_OBJC_ISA_USAGE = YES_ERROR;
				CLANG_WARN_DOCUMENTATION_COMMENTS = YES;
				CLANG_WARN_EMPTY_BODY = YES;
				CLANG_WARN_ENUM_CONVERSION = YES;
				CLANG_WARN_INFINITE_RECURSION = YES;
				CLANG_WARN_INT_CONVERSION = YES;
				CLANG_WARN_NON_LITERAL_NULL_CONVERSION = YES;
				CLANG_WARN_OBJC_IMPLICIT_RETAIN_SELF = YES;
				CLANG_WARN_OBJC_LITERAL_CONVERSION = YES;
				CLANG_WARN_OBJC_ROOT_CLASS = YES_ERROR;
				CLANG_WARN_QUOTED_INCLUDE_IN_FRAMEWORK_HEADER = YES;
				CLANG_WARN_RANGE_LOOP_ANALYSIS = YES;
				CLANG_WARN_STRICT_PROTOTYPES = YES;
				CLANG_WARN_SUSPICIOUS_MOVE = YES;
				CLANG_WARN_UNGUARDED_AVAILABILITY = YES_AGGRESSIVE;
				CLANG_WARN_UNREACHABLE_CODE = YES;
				CLANG_WARN__DUPLICATE_METHOD_MATCH = YES;
				COPY_PHASE_STRIP = NO;
				DEBUG_INFORMATION_FORMAT = "dwarf-with-dsym";
				ENABLE_NS_ASSERTIONS = NO;
				ENABLE_STRICT_OBJC_MSGSEND = YES;
				GCC_C_LANGUAGE_STANDARD = gnu11;
				GCC_NO_COMMON_BLOCKS = YES;
				GCC_WARN_64_TO_32_BIT_CONVERSION = YES;
				GCC_WARN_ABOUT_RETURN_TYPE = YES_ERROR;
				GCC_WARN_UNDECLARED_SELECTOR = YES;
				GCC_WARN_UNINITIALIZED_AUTOS = YES_AGGRESSIVE;
				GCC_WARN_UNUSED_FUNCTION = YES;
				GCC_WARN_UNUSED_VARIABLE = YES;
				MTL_ENABLE_DEBUG_INFO = NO;
				MTL_FAST_MATH = YES;
				SWIFT_COMPILATION_MODE = wholemodule;
				SWIFT_OPTIMIZATION_LEVEL = "-O";
			};
			name = Release;
		};
		AD6A0B8C29C7B531004BC7DB /* Debug */ = {
			isa = XCBuildConfiguration;
			buildSettings = {
				ASSETCATALOG_COMPILER_APPICON_NAME = AppIcon;
				ASSETCATALOG_COMPILER_GLOBAL_ACCENT_COLOR_NAME = AccentColor;
				CODE_SIGN_STYLE = Automatic;
				CURRENT_PROJECT_VERSION = 1;
				DEVELOPMENT_TEAM = 77MS74BG3H;
				ENABLE_PREVIEWS = YES;
				GENERATE_INFOPLIST_FILE = YES;
				INFOPLIST_KEY_UIApplicationSceneManifest_Generation = YES;
				INFOPLIST_KEY_UIApplicationSupportsIndirectInputEvents = YES;
				INFOPLIST_KEY_UILaunchScreen_Generation = YES;
				INFOPLIST_KEY_UISupportedInterfaceOrientations_iPad = "UIInterfaceOrientationPortrait UIInterfaceOrientationPortraitUpsideDown UIInterfaceOrientationLandscapeLeft UIInterfaceOrientationLandscapeRight";
				INFOPLIST_KEY_UISupportedInterfaceOrientations_iPhone = "UIInterfaceOrientationPortrait UIInterfaceOrientationLandscapeLeft UIInterfaceOrientationLandscapeRight";
				IPHONEOS_DEPLOYMENT_TARGET = 15.5;
				LD_RUNPATH_SEARCH_PATHS = (
					"$(inherited)",
					"@executable_path/Frameworks",
				);
				MARKETING_VERSION = 1.0;
				PRODUCT_BUNDLE_IDENTIFIER = bubby.fde;
				PRODUCT_NAME = fde;
				SDKROOT = iphoneos;
				SWIFT_EMIT_LOC_STRINGS = YES;
				SWIFT_VERSION = 5.0;
				TARGETED_DEVICE_FAMILY = "1,2";
			};
			name = Debug;
		};
		AD6A0B8D29C7B531004BC7DB /* Release */ = {
			isa = XCBuildConfiguration;
			buildSettings = {
				ASSETCATALOG_COMPILER_APPICON_NAME = AppIcon;
				ASSETCATALOG_COMPILER_GLOBAL_ACCENT_COLOR_NAME = AccentColor;
				CODE_SIGN_STYLE = Automatic;
				CURRENT_PROJECT_VERSION = 1;
				DEVELOPMENT_TEAM = 77MS74BG3H;
				ENABLE_PREVIEWS = YES;
				GENERATE_INFOPLIST_FILE = YES;
				INFOPLIST_KEY_UIApplicationSceneManifest_Generation = YES;
				INFOPLIST_KEY_UIApplicationSupportsIndirectInputEvents = YES;
				INFOPLIST_KEY_UILaunchScreen_Generation = YES;
				INFOPLIST_KEY_UISupportedInterfaceOrientations_iPad = "UIInterfaceOrientationPortrait UIInterfaceOrientationPortraitUpsideDown UIInterfaceOrientationLandscapeLeft UIInterfaceOrientationLandscapeRight";
				INFOPLIST_KEY_UISupportedInterfaceOrientations_iPhone = "UIInterfaceOrientationPortrait UIInterfaceOrientationLandscapeLeft UIInterfaceOrientationLandscapeRight";
				IPHONEOS_DEPLOYMENT_TARGET = 15.5;
				LD_RUNPATH_SEARCH_PATHS = (
					"$(inherited)",
					"@executable_path/Frameworks",
				);
				MARKETING_VERSION = 1.0;
				PRODUCT_BUNDLE_IDENTIFIER = bubby.fde;
				PRODUCT_NAME = fde;
				SDKROOT = iphoneos;
				SWIFT_EMIT_LOC_STRINGS = YES;
				SWIFT_VERSION = 5.0;
				TARGETED_DEVICE_FAMILY = "1,2";
				VALIDATE_PRODUCT = YES;
			};
			name = Release;
		};
		AD6A0B8F29C7B531004BC7DB /* Debug */ = {
			isa = XCBuildConfiguration;
			buildSettings = {
				ASSETCATALOG_COMPILER_APPICON_NAME = AppIcon;
				ASSETCATALOG_COMPILER_GLOBAL_ACCENT_COLOR_NAME = AccentColor;
				CODE_SIGN_ENTITLEMENTS = macOS/macOS.entitlements;
				CODE_SIGN_STYLE = Automatic;
				COMBINE_HIDPI_IMAGES = YES;
				CURRENT_PROJECT_VERSION = 1;
				DEVELOPMENT_TEAM = 77MS74BG3H;
				ENABLE_HARDENED_RUNTIME = YES;
				ENABLE_PREVIEWS = YES;
				GENERATE_INFOPLIST_FILE = YES;
				INFOPLIST_KEY_NSHumanReadableCopyright = "";
				LD_RUNPATH_SEARCH_PATHS = (
					"$(inherited)",
					"@executable_path/../Frameworks",
				);
				MACOSX_DEPLOYMENT_TARGET = 12.1;
				MARKETING_VERSION = 1.0;
				PRODUCT_BUNDLE_IDENTIFIER = bubby.fde;
				PRODUCT_NAME = fde;
				SDKROOT = macosx;
				SWIFT_EMIT_LOC_STRINGS = YES;
				SWIFT_VERSION = 5.0;
			};
			name = Debug;
		};
		AD6A0B9029C7B531004BC7DB /* Release */ = {
			isa = XCBuildConfiguration;
			buildSettings = {
				ASSETCATALOG_COMPILER_APPICON_NAME = AppIcon;
				ASSETCATALOG_COMPILER_GLOBAL_ACCENT_COLOR_NAME = AccentColor;
				CODE_SIGN_ENTITLEMENTS = macOS/macOS.entitlements;
				CODE_SIGN_STYLE = Automatic;
				COMBINE_HIDPI_IMAGES = YES;
				CURRENT_PROJECT_VERSION = 1;
				DEVELOPMENT_TEAM = 77MS74BG3H;
				ENABLE_HARDENED_RUNTIME = YES;
				ENABLE_PREVIEWS = YES;
				GENERATE_INFOPLIST_FILE = YES;
				INFOPLIST_KEY_NSHumanReadableCopyright = "";
				LD_RUNPATH_SEARCH_PATHS = (
					"$(inherited)",
					"@executable_path/../Frameworks",
				);
				MACOSX_DEPLOYMENT_TARGET = 12.1;
				MARKETING_VERSION = 1.0;
				PRODUCT_BUNDLE_IDENTIFIER = bubby.fde;
				PRODUCT_NAME = fde;
				SDKROOT = macosx;
				SWIFT_EMIT_LOC_STRINGS = YES;
				SWIFT_VERSION = 5.0;
			};
			name = Release;
		};
		AD6A0B9229C7B531004BC7DB /* Debug */ = {
			isa = XCBuildConfiguration;
			buildSettings = {
				ALWAYS_EMBED_SWIFT_STANDARD_LIBRARIES = YES;
				CODE_SIGN_STYLE = Automatic;
				CURRENT_PROJECT_VERSION = 1;
				DEVELOPMENT_TEAM = 77MS74BG3H;
				GENERATE_INFOPLIST_FILE = YES;
				IPHONEOS_DEPLOYMENT_TARGET = 15.5;
				MARKETING_VERSION = 1.0;
				PRODUCT_BUNDLE_IDENTIFIER = "bubby.Tests-iOS";
				PRODUCT_NAME = "$(TARGET_NAME)";
				SDKROOT = iphoneos;
				SWIFT_EMIT_LOC_STRINGS = NO;
				SWIFT_VERSION = 5.0;
				TARGETED_DEVICE_FAMILY = "1,2";
				TEST_TARGET_NAME = "fde (iOS)";
			};
			name = Debug;
		};
		AD6A0B9329C7B531004BC7DB /* Release */ = {
			isa = XCBuildConfiguration;
			buildSettings = {
				ALWAYS_EMBED_SWIFT_STANDARD_LIBRARIES = YES;
				CODE_SIGN_STYLE = Automatic;
				CURRENT_PROJECT_VERSION = 1;
				DEVELOPMENT_TEAM = 77MS74BG3H;
				GENERATE_INFOPLIST_FILE = YES;
				IPHONEOS_DEPLOYMENT_TARGET = 15.5;
				MARKETING_VERSION = 1.0;
				PRODUCT_BUNDLE_IDENTIFIER = "bubby.Tests-iOS";
				PRODUCT_NAME = "$(TARGET_NAME)";
				SDKROOT = iphoneos;
				SWIFT_EMIT_LOC_STRINGS = NO;
				SWIFT_VERSION = 5.0;
				TARGETED_DEVICE_FAMILY = "1,2";
				TEST_TARGET_NAME = "fde (iOS)";
				VALIDATE_PRODUCT = YES;
			};
			name = Release;
		};
		AD6A0B9529C7B531004BC7DB /* Debug */ = {
			isa = XCBuildConfiguration;
			buildSettings = {
				ALWAYS_EMBED_SWIFT_STANDARD_LIBRARIES = YES;
				CODE_SIGN_STYLE = Automatic;
				CURRENT_PROJECT_VERSION = 1;
				DEVELOPMENT_TEAM = 77MS74BG3H;
				GENERATE_INFOPLIST_FILE = YES;
				MACOSX_DEPLOYMENT_TARGET = 12.1;
				MARKETING_VERSION = 1.0;
				PRODUCT_BUNDLE_IDENTIFIER = "bubby.Tests-macOS";
				PRODUCT_NAME = "$(TARGET_NAME)";
				SDKROOT = macosx;
				SWIFT_EMIT_LOC_STRINGS = NO;
				SWIFT_VERSION = 5.0;
				TEST_TARGET_NAME = "fde (macOS)";
			};
			name = Debug;
		};
		AD6A0B9629C7B531004BC7DB /* Release */ = {
			isa = XCBuildConfiguration;
			buildSettings = {
				ALWAYS_EMBED_SWIFT_STANDARD_LIBRARIES = YES;
				CODE_SIGN_STYLE = Automatic;
				CURRENT_PROJECT_VERSION = 1;
				DEVELOPMENT_TEAM = 77MS74BG3H;
				GENERATE_INFOPLIST_FILE = YES;
				MACOSX_DEPLOYMENT_TARGET = 12.1;
				MARKETING_VERSION = 1.0;
				PRODUCT_BUNDLE_IDENTIFIER = "bubby.Tests-macOS";
				PRODUCT_NAME = "$(TARGET_NAME)";
				SDKROOT = macosx;
				SWIFT_EMIT_LOC_STRINGS = NO;
				SWIFT_VERSION = 5.0;
				TEST_TARGET_NAME = "fde (macOS)";
			};
			name = Release;
		};
/* End XCBuildConfiguration section */

/* Begin XCConfigurationList section */
		AD6A0B5229C7B52E004BC7DB /* Build configuration list for PBXProject "fde" */ = {
			isa = XCConfigurationList;
			buildConfigurations = (
				AD6A0B8929C7B531004BC7DB /* Debug */,
				AD6A0B8A29C7B531004BC7DB /* Release */,
			);
			defaultConfigurationIsVisible = 0;
			defaultConfigurationName = Release;
		};
		AD6A0B8B29C7B531004BC7DB /* Build configuration list for PBXNativeTarget "fde (iOS)" */ = {
			isa = XCConfigurationList;
			buildConfigurations = (
				AD6A0B8C29C7B531004BC7DB /* Debug */,
				AD6A0B8D29C7B531004BC7DB /* Release */,
			);
			defaultConfigurationIsVisible = 0;
			defaultConfigurationName = Release;
		};
		AD6A0B8E29C7B531004BC7DB /* Build configuration list for PBXNativeTarget "fde (macOS)" */ = {
			isa = XCConfigurationList;
			buildConfigurations = (
				AD6A0B8F29C7B531004BC7DB /* Debug */,
				AD6A0B9029C7B531004BC7DB /* Release */,
			);
			defaultConfigurationIsVisible = 0;
			defaultConfigurationName = Release;
		};
		AD6A0B9129C7B531004BC7DB /* Build configuration list for PBXNativeTarget "Tests iOS" */ = {
			isa = XCConfigurationList;
			buildConfigurations = (
				AD6A0B9229C7B531004BC7DB /* Debug */,
				AD6A0B9329C7B531004BC7DB /* Release */,
			);
			defaultConfigurationIsVisible = 0;
			defaultConfigurationName = Release;
		};
		AD6A0B9429C7B531004BC7DB /* Build configuration list for PBXNativeTarget "Tests macOS" */ = {
			isa = XCConfigurationList;
			buildConfigurations = (
				AD6A0B9529C7B531004BC7DB /* Debug */,
				AD6A0B9629C7B531004BC7DB /* Release */,
			);
			defaultConfigurationIsVisible = 0;
			defaultConfigurationName = Release;
		};
/* End XCConfigurationList section */

/* Begin XCVersionGroup section */
		AD6A0B5429C7B52E004BC7DB /* fde.xcdatamodeld */ = {
			isa = XCVersionGroup;
			children = (
				AD6A0B5529C7B52E004BC7DB /* Shared.xcdatamodel */,
			);
			currentVersion = AD6A0B5529C7B52E004BC7DB /* Shared.xcdatamodel */;
			path = fde.xcdatamodeld;
			sourceTree = "<group>";
			versionGroupType = wrapper.xcdatamodel;
		};
/* End XCVersionGroup section */
	};
	rootObject = AD6A0B4F29C7B52E004BC7DB /* Project object */;
}
